
Microsoft Visual Studio Solution File, Format Version 12.00
# Visual Studio Version 17
VisualStudioVersion = 17.2.32602.215
MinimumVisualStudioVersion = 10.0.40219.1
Project("{9A19103F-16F7-4668-BE54-9A1E7A4F7556}") = "RoleplayersToolbox", "RoleplayersToolbox\RoleplayersToolbox.csproj", "{EE70A649-AAD3-485E-A1FA-234A192461DF}"
EndProject
Global
	GlobalSection(SolutionConfigurationPlatforms) = preSolution
		Debug Illegal|Any CPU = Debug Illegal|Any CPU
		Debug Official|Any CPU = Debug Official|Any CPU
		Release Illegal|Any CPU = Release Illegal|Any CPU
		Release Official|Any CPU = Release Official|Any CPU
	EndGlobalSection
	GlobalSection(ProjectConfigurationPlatforms) = postSolution
		{EE70A649-AAD3-485E-A1FA-234A192461DF}.Debug Illegal|Any CPU.ActiveCfg = Release Illegal|Any CPU
		{EE70A649-AAD3-485E-A1FA-234A192461DF}.Debug Illegal|Any CPU.Build.0 = Release Illegal|Any CPU
		{EE70A649-AAD3-485E-A1FA-234A192461DF}.Debug Official|Any CPU.ActiveCfg = Debug Official|Any CPU
		{EE70A649-AAD3-485E-A1FA-234A192461DF}.Debug Official|Any CPU.Build.0 = Debug Official|Any CPU
		{EE70A649-AAD3-485E-A1FA-234A192461DF}.Release Illegal|Any CPU.ActiveCfg = Release Illegal|Any CPU
		{EE70A649-AAD3-485E-A1FA-234A192461DF}.Release Illegal|Any CPU.Build.0 = Release Illegal|Any CPU
		{EE70A649-AAD3-485E-A1FA-234A192461DF}.Release Official|Any CPU.ActiveCfg = Release Official|Any CPU
		{EE70A649-AAD3-485E-A1FA-234A192461DF}.Release Official|Any CPU.Build.0 = Release Official|Any CPU
	EndGlobalSection
	GlobalSection(SolutionProperties) = preSolution
		HideSolutionNode = FALSE
	EndGlobalSection
	GlobalSection(ExtensibilityGlobals) = postSolution
		SolutionGuid = {7BFE1724-5FDE-4910-8533-80534112F563}
	EndGlobalSection
EndGlobal
